{
  "originHash" : "3c79736f673d67d3a88ba1665fa239bc85f25b549c1646473c487cfd4c208fdc",
  "pins" : [
    {
      "identity" : "nuke",
      "kind" : "remoteSourceControl",
      "location" : "https://github.com/kean/Nuke.git",
      "state" : {
        "revision" : "83e19143355b02e9261edb2323b3e1e93287ebb9",
        "version" : "12.9.0"
      }
    },
    {
      "identity" : "pow",
      "kind" : "remoteSourceControl",
      "location" : "https://github.com/EmergeTools/Pow.git",
      "state" : {
        "revision" : "1b4b1dda28c50b95f0872927ee2226fe8b58950e",
        "version" : "1.0.6"
      }
    },
    {
      "identity" : "swiftui-shimmer",
      "kind" : "remoteSourceControl",
      "location" : "https://github.com/markiv/SwiftUI-Shimmer.git",
      "state" : {
        "revision" : "0226e21f9bf355d40e07e5f5e1c33679d50e167f",
        "version" : "1.5.1"
      }
    }
  ],
  "version" : 3
}
